{
  "requires": true,
  "lockfileVersion": 1,
  "dependencies": {
    "core-js": {
      "version": "2.6.12",
      "resolved": "https://registry.npmjs.org/core-js/-/core-js-2.6.12.tgz",
      "integrity": "sha512-Kb2wC0fvsWfQrgk8HU5lW6U/Lcs8+9aaYcy4ZFc6DDlo4nZ7n70dEgE5rtR0oG6ufKDUnrwfWL1mXR5ljDatrQ=="
    },
    "systemjs": {
      "version": "0.19.27",
      "resolved": "https://registry.npmjs.org/systemjs/-/systemjs-0.19.27.tgz",
      "integrity": "sha1-8XQNVlzmQ3GsDecHKk0eVHG6e6I=",
      "requires": {
        "when": "^3.7.5"
      }
    },
    "tslerp": {
      "version": "2.0.0",
      "resolved": "https://registry.npmjs.org/tslerp/-/tslerp-2.0.0.tgz",
      "integrity": "sha512-vzXNbZ3WTMAjNnR5KiUT6Pp7FwKA0PvFPl+FzuUeVBP9YC6EypsZN35v++b2tCUt7sTI4xqD0wS6rK3qloL0/g==",
      "requires": {
        "core-js": "^2.4.0",
        "systemjs": "0.19.27"
      }
    },
    "when": {
      "version": "3.7.8",
      "resolved": "https://registry.npmjs.org/when/-/when-3.7.8.tgz",
      "integrity": "sha1-xxMLan6gRpPoQs3J56Hyqjmjn4I="
    }
  }
}
